
Microsoft Visual Studio Solution File, Format Version 12.00
# Visual Studio 15
VisualStudioVersion = 15.0.27130.2024
MinimumVisualStudioVersion = 10.0.40219.1
Project("{FAE04EC0-301F-11D3-BF4B-00C04F79EFBC}") = "WebUI", "WebUI\WebUI.csproj", "{013289B2-2567-4F09-968E-B3DCF2C789E7}"
EndProject
Project("{FAE04EC0-301F-11D3-BF4B-00C04F79EFBC}") = "Domain", "Domain\Domain.csproj", "{FAAB82DE-211F-4D3A-8B2D-BDB6D18D1990}"
EndProject
Global
	GlobalSection(SolutionConfigurationPlatforms) = preSolution
		Debug|Any CPU = Debug|Any CPU
		Release|Any CPU = Release|Any CPU
	EndGlobalSection
	GlobalSection(ProjectConfigurationPlatforms) = postSolution
		{013289B2-2567-4F09-968E-B3DCF2C789E7}.Debug|Any CPU.ActiveCfg = Debug|Any CPU
		{013289B2-2567-4F09-968E-B3DCF2C789E7}.Debug|Any CPU.Build.0 = Debug|Any CPU
		{013289B2-2567-4F09-968E-B3DCF2C789E7}.Release|Any CPU.ActiveCfg = Release|Any CPU
		{013289B2-2567-4F09-968E-B3DCF2C789E7}.Release|Any CPU.Build.0 = Release|Any CPU
		{FAAB82DE-211F-4D3A-8B2D-BDB6D18D1990}.Debug|Any CPU.ActiveCfg = Debug|Any CPU
		{FAAB82DE-211F-4D3A-8B2D-BDB6D18D1990}.Debug|Any CPU.Build.0 = Debug|Any CPU
		{FAAB82DE-211F-4D3A-8B2D-BDB6D18D1990}.Release|Any CPU.ActiveCfg = Release|Any CPU
		{FAAB82DE-211F-4D3A-8B2D-BDB6D18D1990}.Release|Any CPU.Build.0 = Release|Any CPU
	EndGlobalSection
	GlobalSection(SolutionProperties) = preSolution
		HideSolutionNode = FALSE
	EndGlobalSection
	GlobalSection(ExtensibilityGlobals) = postSolution
		SolutionGuid = {B52B59AC-7B89-4CA1-833A-571B0BCC3C19}
	EndGlobalSection
EndGlobal
